
Microsoft Visual Studio Solution File, Format Version 12.00
# Visual Studio 15
VisualStudioVersion = 15.0.28307.168
MinimumVisualStudioVersion = 10.0.40219.1
Project("{FAE04EC0-301F-11D3-BF4B-00C04F79EFBC}") = "HtmlDOMSample", "HtmlDOMSample\HtmlDOMSample.csproj", "{5C89F737-59E8-410B-BC21-2C1F0EC97746}"
EndProject
Global
	GlobalSection(SolutionConfigurationPlatforms) = preSolution
		Debug|Any CPU = Debug|Any CPU
		Release|Any CPU = Release|Any CPU
	EndGlobalSection
	GlobalSection(ProjectConfigurationPlatforms) = postSolution
		{5C89F737-59E8-410B-BC21-2C1F0EC97746}.Debug|Any CPU.ActiveCfg = Debug|Any CPU
		{5C89F737-59E8-410B-BC21-2C1F0EC97746}.Debug|Any CPU.Build.0 = Debug|Any CPU
		{5C89F737-59E8-410B-BC21-2C1F0EC97746}.Release|Any CPU.ActiveCfg = Release|Any CPU
		{5C89F737-59E8-410B-BC21-2C1F0EC97746}.Release|Any CPU.Build.0 = Release|Any CPU
	EndGlobalSection
	GlobalSection(SolutionProperties) = preSolution
		HideSolutionNode = FALSE
	EndGlobalSection
	GlobalSection(ExtensibilityGlobals) = postSolution
		SolutionGuid = {4D7DA853-48C9-4A43-BBA1-FF60F8B1958C}
	EndGlobalSection
EndGlobal
